
Microsoft Visual Studio Solution File, Format Version 12.00
# Visual Studio Version 17
VisualStudioVersion = 17.9.34723.18
MinimumVisualStudioVersion = 10.0.40219.1
Project("{9A19103F-16F7-4668-BE54-9A1E7A4F7556}") = "RPM", "RPM.csproj", "{7BDB2820-CDFE-48E0-BC06-7DEC2B351CEC}"
EndProject
Global
	GlobalSection(SolutionConfigurationPlatforms) = preSolution
		Debug|Any CPU = Debug|Any CPU
		Release|Any CPU = Release|Any CPU
	EndGlobalSection
	GlobalSection(ProjectConfigurationPlatforms) = postSolution
		{7BDB2820-CDFE-48E0-BC06-7DEC2B351CEC}.Debug|Any CPU.ActiveCfg = Debug|Any CPU
		{7BDB2820-CDFE-48E0-BC06-7DEC2B351CEC}.Debug|Any CPU.Build.0 = Debug|Any CPU
		{7BDB2820-CDFE-48E0-BC06-7DEC2B351CEC}.Release|Any CPU.ActiveCfg = Release|Any CPU
		{7BDB2820-CDFE-48E0-BC06-7DEC2B351CEC}.Release|Any CPU.Build.0 = Release|Any CPU
	EndGlobalSection
	GlobalSection(SolutionProperties) = preSolution
		HideSolutionNode = FALSE
	EndGlobalSection
	GlobalSection(ExtensibilityGlobals) = postSolution
		SolutionGuid = {BF29286C-9DFC-4252-B9BD-84B50A2316C1}
	EndGlobalSection
EndGlobal
